
Microsoft Visual Studio Solution File, Format Version 12.00
# Visual Studio 2013
VisualStudioVersion = 12.0.30723.0
MinimumVisualStudioVersion = 10.0.40219.1
Project("{FAE04EC0-301F-11D3-BF4B-00C04F79EFBC}") = "Demo_MVC", "Demo_MVC\Demo_MVC.csproj", "{6355110F-520A-49D6-BE58-2D907BE08AB1}"
EndProject
Project("{2150E333-8FDC-42A3-9474-1A3956D46DE8}") = "应用程序", "应用程序", "{5917C2C6-0AE0-4DBD-88D8-7136C08F1B6E}"
EndProject
Project("{2150E333-8FDC-42A3-9474-1A3956D46DE8}") = "应用服务", "应用服务", "{1B56ACF3-C1C5-48C3-9C42-2BE3C9967544}"
EndProject
Project("{2150E333-8FDC-42A3-9474-1A3956D46DE8}") = "应用类库", "应用类库", "{E821E70D-490C-4405-BA15-1CFEB07D6527}"
EndProject
Project("{FAE04EC0-301F-11D3-BF4B-00C04F79EFBC}") = "Domain", "Domain\Domain.csproj", "{807C27C8-0452-4130-B08C-00C8F650C53A}"
EndProject
Project("{FAE04EC0-301F-11D3-BF4B-00C04F79EFBC}") = "Service", "Service\Service.csproj", "{16E26CDA-3258-470F-ADB4-1B1A76300398}"
EndProject
Project("{FAE04EC0-301F-11D3-BF4B-00C04F79EFBC}") = "Common", "Common\Common.csproj", "{E7FCD25B-8698-4ABC-96D1-0CC173EA675E}"
EndProject
Global
	GlobalSection(SolutionConfigurationPlatforms) = preSolution
		Debug|Any CPU = Debug|Any CPU
		Release|Any CPU = Release|Any CPU
	EndGlobalSection
	GlobalSection(ProjectConfigurationPlatforms) = postSolution
		{6355110F-520A-49D6-BE58-2D907BE08AB1}.Debug|Any CPU.ActiveCfg = Debug|Any CPU
		{6355110F-520A-49D6-BE58-2D907BE08AB1}.Debug|Any CPU.Build.0 = Debug|Any CPU
		{6355110F-520A-49D6-BE58-2D907BE08AB1}.Release|Any CPU.ActiveCfg = Release|Any CPU
		{6355110F-520A-49D6-BE58-2D907BE08AB1}.Release|Any CPU.Build.0 = Release|Any CPU
		{807C27C8-0452-4130-B08C-00C8F650C53A}.Debug|Any CPU.ActiveCfg = Debug|Any CPU
		{807C27C8-0452-4130-B08C-00C8F650C53A}.Debug|Any CPU.Build.0 = Debug|Any CPU
		{807C27C8-0452-4130-B08C-00C8F650C53A}.Release|Any CPU.ActiveCfg = Release|Any CPU
		{807C27C8-0452-4130-B08C-00C8F650C53A}.Release|Any CPU.Build.0 = Release|Any CPU
		{16E26CDA-3258-470F-ADB4-1B1A76300398}.Debug|Any CPU.ActiveCfg = Debug|Any CPU
		{16E26CDA-3258-470F-ADB4-1B1A76300398}.Debug|Any CPU.Build.0 = Debug|Any CPU
		{16E26CDA-3258-470F-ADB4-1B1A76300398}.Release|Any CPU.ActiveCfg = Release|Any CPU
		{16E26CDA-3258-470F-ADB4-1B1A76300398}.Release|Any CPU.Build.0 = Release|Any CPU
		{E7FCD25B-8698-4ABC-96D1-0CC173EA675E}.Debug|Any CPU.ActiveCfg = Debug|Any CPU
		{E7FCD25B-8698-4ABC-96D1-0CC173EA675E}.Debug|Any CPU.Build.0 = Debug|Any CPU
		{E7FCD25B-8698-4ABC-96D1-0CC173EA675E}.Release|Any CPU.ActiveCfg = Release|Any CPU
		{E7FCD25B-8698-4ABC-96D1-0CC173EA675E}.Release|Any CPU.Build.0 = Release|Any CPU
	EndGlobalSection
	GlobalSection(SolutionProperties) = preSolution
		HideSolutionNode = FALSE
	EndGlobalSection
	GlobalSection(NestedProjects) = preSolution
		{6355110F-520A-49D6-BE58-2D907BE08AB1} = {5917C2C6-0AE0-4DBD-88D8-7136C08F1B6E}
		{807C27C8-0452-4130-B08C-00C8F650C53A} = {1B56ACF3-C1C5-48C3-9C42-2BE3C9967544}
		{16E26CDA-3258-470F-ADB4-1B1A76300398} = {1B56ACF3-C1C5-48C3-9C42-2BE3C9967544}
		{E7FCD25B-8698-4ABC-96D1-0CC173EA675E} = {E821E70D-490C-4405-BA15-1CFEB07D6527}
	EndGlobalSection
EndGlobal
